// !$*UTF8*$!
{
	archiveVersion = 1;
	classes = {
	};
	objectVersion = 46;
	objects = {

/* Begin PBXAggregateTarget section */
		24416B8111C4CA220047AFDD /* Build & Test */ = {
			isa = PBXAggregateTarget;
			buildConfigurationList = 24416B8A11C4CA520047AFDD /* Build configuration list for PBXAggregateTarget "Build & Test" */;
			buildPhases = (
				24416B8011C4CA220047AFDD /* ShellScript */,
			);
			dependencies = (
				24416B8511C4CA280047AFDD /* PBXTargetDependency */,
			);
			name = "Build & Test";
			productName = "Build & test";
		};
/* End PBXAggregateTarget section */

/* Begin PBXBuildFile section */
		24DD6CF91134B3F500162E58 /* DkNappSlidemenuModule.h in Headers */ = {isa = PBXBuildFile; fileRef = 24DD6CF71134B3F500162E58 /* DkNappSlidemenuModule.h */; };
		24DD6CFA1134B3F500162E58 /* DkNappSlidemenuModule.m in Sources */ = {isa = PBXBuildFile; fileRef = 24DD6CF81134B3F500162E58 /* DkNappSlidemenuModule.m */; };
		24DE9E1111C5FE74003F90F6 /* DkNappSlidemenuModuleAssets.h in Headers */ = {isa = PBXBuildFile; fileRef = 24DE9E0F11C5FE74003F90F6 /* DkNappSlidemenuModuleAssets.h */; };
		24DE9E1211C5FE74003F90F6 /* DkNappSlidemenuModuleAssets.m in Sources */ = {isa = PBXBuildFile; fileRef = 24DE9E1011C5FE74003F90F6 /* DkNappSlidemenuModuleAssets.m */; };
		AA747D9F0F9514B9006C5449 /* DkNappSlidemenu_Prefix.pch in Headers */ = {isa = PBXBuildFile; fileRef = AA747D9E0F9514B9006C5449 /* DkNappSlidemenu_Prefix.pch */; };
		AACBBE4A0F95108600F1A2B1 /* Foundation.framework in Frameworks */ = {isa = PBXBuildFile; fileRef = AACBBE490F95108600F1A2B1 /* Foundation.framework */; };
		B63D51CD16C59B8F00D25970 /* DkNappSlidemenuSlideMenuWindow.h in Headers */ = {isa = PBXBuildFile; fileRef = B63D51C916C59B8F00D25970 /* DkNappSlidemenuSlideMenuWindow.h */; };
		B63D51CE16C59B8F00D25970 /* DkNappSlidemenuSlideMenuWindow.m in Sources */ = {isa = PBXBuildFile; fileRef = B63D51CA16C59B8F00D25970 /* DkNappSlidemenuSlideMenuWindow.m */; };
		B63D51CF16C59B8F00D25970 /* DkNappSlidemenuSlideMenuWindowProxy.h in Headers */ = {isa = PBXBuildFile; fileRef = B63D51CB16C59B8F00D25970 /* DkNappSlidemenuSlideMenuWindowProxy.h */; };
		B63D51D016C59B8F00D25970 /* DkNappSlidemenuSlideMenuWindowProxy.m in Sources */ = {isa = PBXBuildFile; fileRef = B63D51CC16C59B8F00D25970 /* DkNappSlidemenuSlideMenuWindowProxy.m */; };
		B664E7A9164C4DBD00A66625 /* QuartzCore.framework in Frameworks */ = {isa = PBXBuildFile; fileRef = B664E7A8164C4DBD00A66625 /* QuartzCore.framework */; };
		B664E7BE164C5CE100A66625 /* CoreGraphics.framework in Frameworks */ = {isa = PBXBuildFile; fileRef = B664E7BD164C5CE100A66625 /* CoreGraphics.framework */; };
		B67FE29116DFF995005F30E4 /* TiRootViewController+Extended.h in Headers */ = {isa = PBXBuildFile; fileRef = B67FE28F16DFF995005F30E4 /* TiRootViewController+Extended.h */; };
		B67FE29216DFF995005F30E4 /* TiRootViewController+Extended.m in Sources */ = {isa = PBXBuildFile; fileRef = B67FE29016DFF995005F30E4 /* TiRootViewController+Extended.m */; };
		B67FE29916DFFC93005F30E4 /* IISideController.h in Headers */ = {isa = PBXBuildFile; fileRef = B67FE29316DFFC93005F30E4 /* IISideController.h */; };
		B67FE29A16DFFC93005F30E4 /* IISideController.m in Sources */ = {isa = PBXBuildFile; fileRef = B67FE29416DFFC93005F30E4 /* IISideController.m */; };
		B67FE29B16DFFC93005F30E4 /* IIViewDeckController.h in Headers */ = {isa = PBXBuildFile; fileRef = B67FE29516DFFC93005F30E4 /* IIViewDeckController.h */; };
		B67FE29C16DFFC93005F30E4 /* IIViewDeckController.m in Sources */ = {isa = PBXBuildFile; fileRef = B67FE29616DFFC93005F30E4 /* IIViewDeckController.m */; };
		B67FE29D16DFFC93005F30E4 /* IIWrapController.h in Headers */ = {isa = PBXBuildFile; fileRef = B67FE29716DFFC93005F30E4 /* IIWrapController.h */; };
		B67FE29E16DFFC93005F30E4 /* IIWrapController.m in Sources */ = {isa = PBXBuildFile; fileRef = B67FE29816DFFC93005F30E4 /* IIWrapController.m */; };
		B67FE2A216DFFCA4005F30E4 /* JRSwizzle.h in Headers */ = {isa = PBXBuildFile; fileRef = B67FE2A016DFFCA4005F30E4 /* JRSwizzle.h */; };
		B67FE2A316DFFCA4005F30E4 /* JRSwizzle.m in Sources */ = {isa = PBXBuildFile; fileRef = B67FE2A116DFFCA4005F30E4 /* JRSwizzle.m */; };
/* End PBXBuildFile section */

/* Begin PBXContainerItemProxy section */
		24416B8411C4CA280047AFDD /* PBXContainerItemProxy */ = {
			isa = PBXContainerItemProxy;
			containerPortal = 0867D690FE84028FC02AAC07 /* Project object */;
			proxyType = 1;
			remoteGlobalIDString = D2AAC07D0554694100DB518D;
			remoteInfo = nappslidemenu;
		};
/* End PBXContainerItemProxy section */

/* Begin PBXFileReference section */
		24DD6CF71134B3F500162E58 /* DkNappSlidemenuModule.h */ = {isa = PBXFileReference; fileEncoding = 4; lastKnownFileType = sourcecode.c.h; name = DkNappSlidemenuModule.h; path = Classes/DkNappSlidemenuModule.h; sourceTree = "<group>"; };
		24DD6CF81134B3F500162E58 /* DkNappSlidemenuModule.m */ = {isa = PBXFileReference; fileEncoding = 4; lastKnownFileType = sourcecode.c.objc; name = DkNappSlidemenuModule.m; path = Classes/DkNappSlidemenuModule.m; sourceTree = "<group>"; };
		24DD6D1B1134B66800162E58 /* titanium.xcconfig */ = {isa = PBXFileReference; fileEncoding = 4; lastKnownFileType = text.xcconfig; path = titanium.xcconfig; sourceTree = "<group>"; };
		24DE9E0F11C5FE74003F90F6 /* DkNappSlidemenuModuleAssets.h */ = {isa = PBXFileReference; fileEncoding = 4; lastKnownFileType = sourcecode.c.h; name = DkNappSlidemenuModuleAssets.h; path = Classes/DkNappSlidemenuModuleAssets.h; sourceTree = "<group>"; };
		24DE9E1011C5FE74003F90F6 /* DkNappSlidemenuModuleAssets.m */ = {isa = PBXFileReference; fileEncoding = 4; lastKnownFileType = sourcecode.c.objc; name = DkNappSlidemenuModuleAssets.m; path = Classes/DkNappSlidemenuModuleAssets.m; sourceTree = "<group>"; };
		AA747D9E0F9514B9006C5449 /* DkNappSlidemenu_Prefix.pch */ = {isa = PBXFileReference; fileEncoding = 4; lastKnownFileType = sourcecode.c.h; path = DkNappSlidemenu_Prefix.pch; sourceTree = SOURCE_ROOT; };
		AACBBE490F95108600F1A2B1 /* Foundation.framework */ = {isa = PBXFileReference; lastKnownFileType = wrapper.framework; name = Foundation.framework; path = System/Library/Frameworks/Foundation.framework; sourceTree = SDKROOT; };
		B63D51C916C59B8F00D25970 /* DkNappSlidemenuSlideMenuWindow.h */ = {isa = PBXFileReference; fileEncoding = 4; lastKnownFileType = sourcecode.c.h; name = DkNappSlidemenuSlideMenuWindow.h; path = Classes/DkNappSlidemenuSlideMenuWindow.h; sourceTree = "<group>"; };
		B63D51CA16C59B8F00D25970 /* DkNappSlidemenuSlideMenuWindow.m */ = {isa = PBXFileReference; fileEncoding = 4; lastKnownFileType = sourcecode.c.objc; name = DkNappSlidemenuSlideMenuWindow.m; path = Classes/DkNappSlidemenuSlideMenuWindow.m; sourceTree = "<group>"; };
		B63D51CB16C59B8F00D25970 /* DkNappSlidemenuSlideMenuWindowProxy.h */ = {isa = PBXFileReference; fileEncoding = 4; lastKnownFileType = sourcecode.c.h; name = DkNappSlidemenuSlideMenuWindowProxy.h; path = Classes/DkNappSlidemenuSlideMenuWindowProxy.h; sourceTree = "<group>"; };
		B63D51CC16C59B8F00D25970 /* DkNappSlidemenuSlideMenuWindowProxy.m */ = {isa = PBXFileReference; fileEncoding = 4; lastKnownFileType = sourcecode.c.objc; name = DkNappSlidemenuSlideMenuWindowProxy.m; path = Classes/DkNappSlidemenuSlideMenuWindowProxy.m; sourceTree = "<group>"; };
		B664E7A8164C4DBD00A66625 /* QuartzCore.framework */ = {isa = PBXFileReference; lastKnownFileType = wrapper.framework; name = QuartzCore.framework; path = System/Library/Frameworks/QuartzCore.framework; sourceTree = SDKROOT; };
		B664E7BD164C5CE100A66625 /* CoreGraphics.framework */ = {isa = PBXFileReference; lastKnownFileType = wrapper.framework; name = CoreGraphics.framework; path = System/Library/Frameworks/CoreGraphics.framework; sourceTree = SDKROOT; };
		B67FE28F16DFF995005F30E4 /* TiRootViewController+Extended.h */ = {isa = PBXFileReference; fileEncoding = 4; lastKnownFileType = sourcecode.c.h; name = "TiRootViewController+Extended.h"; path = "Classes/Ti/TiRootViewController+Extended.h"; sourceTree = "<group>"; };
		B67FE29016DFF995005F30E4 /* TiRootViewController+Extended.m */ = {isa = PBXFileReference; fileEncoding = 4; lastKnownFileType = sourcecode.c.objc; name = "TiRootViewController+Extended.m"; path = "Classes/Ti/TiRootViewController+Extended.m"; sourceTree = "<group>"; };
		B67FE29316DFFC93005F30E4 /* IISideController.h */ = {isa = PBXFileReference; fileEncoding = 4; lastKnownFileType = sourcecode.c.h; name = IISideController.h; path = Classes/ViewDeck/IISideController.h; sourceTree = SOURCE_ROOT; };
		B67FE29416DFFC93005F30E4 /* IISideController.m */ = {isa = PBXFileReference; fileEncoding = 4; lastKnownFileType = sourcecode.c.objc; name = IISideController.m; path = Classes/ViewDeck/IISideController.m; sourceTree = SOURCE_ROOT; };
		B67FE29516DFFC93005F30E4 /* IIViewDeckController.h */ = {isa = PBXFileReference; fileEncoding = 4; lastKnownFileType = sourcecode.c.h; name = IIViewDeckController.h; path = Classes/ViewDeck/IIViewDeckController.h; sourceTree = SOURCE_ROOT; };
		B67FE29616DFFC93005F30E4 /* IIViewDeckController.m */ = {isa = PBXFileReference; fileEncoding = 4; lastKnownFileType = sourcecode.c.objc; name = IIViewDeckController.m; path = Classes/ViewDeck/IIViewDeckController.m; sourceTree = SOURCE_ROOT; };
		B67FE29716DFFC93005F30E4 /* IIWrapController.h */ = {isa = PBXFileReference; fileEncoding = 4; lastKnownFileType = sourcecode.c.h; name = IIWrapController.h; path = Classes/ViewDeck/IIWrapController.h; sourceTree = SOURCE_ROOT; };
		B67FE29816DFFC93005F30E4 /* IIWrapController.m */ = {isa = PBXFileReference; fileEncoding = 4; lastKnownFileType = sourcecode.c.objc; name = IIWrapController.m; path = Classes/ViewDeck/IIWrapController.m; sourceTree = SOURCE_ROOT; };
		B67FE2A016DFFCA4005F30E4 /* JRSwizzle.h */ = {isa = PBXFileReference; fileEncoding = 4; lastKnownFileType = sourcecode.c.h; path = JRSwizzle.h; sourceTree = "<group>"; };
		B67FE2A116DFFCA4005F30E4 /* JRSwizzle.m */ = {isa = PBXFileReference; fileEncoding = 4; lastKnownFileType = sourcecode.c.objc; path = JRSwizzle.m; sourceTree = "<group>"; };
		D2AAC07E0554694100DB518D /* libDkNappSlidemenu.a */ = {isa = PBXFileReference; explicitFileType = archive.ar; includeInIndex = 0; path = libDkNappSlidemenu.a; sourceTree = BUILT_PRODUCTS_DIR; };
/* End PBXFileReference section */

/* Begin PBXFrameworksBuildPhase section */
		D2AAC07C0554694100DB518D /* Frameworks */ = {
			isa = PBXFrameworksBuildPhase;
			buildActionMask = 2147483647;
			files = (
				AACBBE4A0F95108600F1A2B1 /* Foundation.framework in Frameworks */,
				B664E7BE164C5CE100A66625 /* CoreGraphics.framework in Frameworks */,
				B664E7A9164C4DBD00A66625 /* QuartzCore.framework in Frameworks */,
			);
			runOnlyForDeploymentPostprocessing = 0;
		};
/* End PBXFrameworksBuildPhase section */

/* Begin PBXGroup section */
		034768DFFF38A50411DB9C8B /* Products */ = {
			isa = PBXGroup;
			children = (
				D2AAC07E0554694100DB518D /* libDkNappSlidemenu.a */,
			);
			name = Products;
			sourceTree = "<group>";
		};
		0867D691FE84028FC02AAC07 /* nappslidemenu */ = {
			isa = PBXGroup;
			children = (
				08FB77AEFE84172EC02AAC07 /* Classes */,
				32C88DFF0371C24200C91783 /* Other Sources */,
				0867D69AFE84028FC02AAC07 /* Frameworks */,
				034768DFFF38A50411DB9C8B /* Products */,
			);
			name = nappslidemenu;
			sourceTree = "<group>";
		};
		0867D69AFE84028FC02AAC07 /* Frameworks */ = {
			isa = PBXGroup;
			children = (
				B664E7BD164C5CE100A66625 /* CoreGraphics.framework */,
				B664E7A8164C4DBD00A66625 /* QuartzCore.framework */,
				AACBBE490F95108600F1A2B1 /* Foundation.framework */,
			);
			name = Frameworks;
			sourceTree = "<group>";
		};
		08FB77AEFE84172EC02AAC07 /* Classes */ = {
			isa = PBXGroup;
			children = (
				B67FE29F16DFFCA4005F30E4 /* JRSwizzle */,
				B664E79B164C4C8A00A66625 /* ViewDeck */,
				B67FE28A16DFF81A005F30E4 /* Ti */,
				B63D51C916C59B8F00D25970 /* DkNappSlidemenuSlideMenuWindow.h */,
				B63D51CA16C59B8F00D25970 /* DkNappSlidemenuSlideMenuWindow.m */,
				B63D51CB16C59B8F00D25970 /* DkNappSlidemenuSlideMenuWindowProxy.h */,
				B63D51CC16C59B8F00D25970 /* DkNappSlidemenuSlideMenuWindowProxy.m */,
				24DE9E0F11C5FE74003F90F6 /* DkNappSlidemenuModuleAssets.h */,
				24DE9E1011C5FE74003F90F6 /* DkNappSlidemenuModuleAssets.m */,
				24DD6CF71134B3F500162E58 /* DkNappSlidemenuModule.h */,
				24DD6CF81134B3F500162E58 /* DkNappSlidemenuModule.m */,
			);
			name = Classes;
			sourceTree = "<group>";
		};
		32C88DFF0371C24200C91783 /* Other Sources */ = {
			isa = PBXGroup;
			children = (
				AA747D9E0F9514B9006C5449 /* DkNappSlidemenu_Prefix.pch */,
				24DD6D1B1134B66800162E58 /* titanium.xcconfig */,
			);
			name = "Other Sources";
			sourceTree = "<group>";
		};
		B664E79B164C4C8A00A66625 /* ViewDeck */ = {
			isa = PBXGroup;
			children = (
				B67FE29316DFFC93005F30E4 /* IISideController.h */,
				B67FE29416DFFC93005F30E4 /* IISideController.m */,
				B67FE29516DFFC93005F30E4 /* IIViewDeckController.h */,
				B67FE29616DFFC93005F30E4 /* IIViewDeckController.m */,
				B67FE29716DFFC93005F30E4 /* IIWrapController.h */,
				B67FE29816DFFC93005F30E4 /* IIWrapController.m */,
			);
			path = ViewDeck;
			sourceTree = "<group>";
		};
		B67FE28A16DFF81A005F30E4 /* Ti */ = {
			isa = PBXGroup;
			children = (
				B67FE28F16DFF995005F30E4 /* TiRootViewController+Extended.h */,
				B67FE29016DFF995005F30E4 /* TiRootViewController+Extended.m */,
			);
			name = Ti;
			sourceTree = "<group>";
		};
		B67FE29F16DFFCA4005F30E4 /* JRSwizzle */ = {
			isa = PBXGroup;
			children = (
				B67FE2A016DFFCA4005F30E4 /* JRSwizzle.h */,
				B67FE2A116DFFCA4005F30E4 /* JRSwizzle.m */,
			);
			name = JRSwizzle;
			path = Classes/JRSwizzle;
			sourceTree = "<group>";
		};
/* End PBXGroup section */

/* Begin PBXHeadersBuildPhase section */
		D2AAC07A0554694100DB518D /* Headers */ = {
			isa = PBXHeadersBuildPhase;
			buildActionMask = 2147483647;
			files = (
				AA747D9F0F9514B9006C5449 /* DkNappSlidemenu_Prefix.pch in Headers */,
				24DD6CF91134B3F500162E58 /* DkNappSlidemenuModule.h in Headers */,
				24DE9E1111C5FE74003F90F6 /* DkNappSlidemenuModuleAssets.h in Headers */,
				B63D51CD16C59B8F00D25970 /* DkNappSlidemenuSlideMenuWindow.h in Headers */,
				B63D51CF16C59B8F00D25970 /* DkNappSlidemenuSlideMenuWindowProxy.h in Headers */,
				B67FE29116DFF995005F30E4 /* TiRootViewController+Extended.h in Headers */,
				B67FE29916DFFC93005F30E4 /* IISideController.h in Headers */,
				B67FE29B16DFFC93005F30E4 /* IIViewDeckController.h in Headers */,
				B67FE29D16DFFC93005F30E4 /* IIWrapController.h in Headers */,
				B67FE2A216DFFCA4005F30E4 /* JRSwizzle.h in Headers */,
			);
			runOnlyForDeploymentPostprocessing = 0;
		};
/* End PBXHeadersBuildPhase section */

/* Begin PBXNativeTarget section */
		D2AAC07D0554694100DB518D /* nappslidemenu */ = {
			isa = PBXNativeTarget;
			buildConfigurationList = 1DEB921E08733DC00010E9CD /* Build configuration list for PBXNativeTarget "nappslidemenu" */;
			buildPhases = (
				D2AAC07A0554694100DB518D /* Headers */,
				D2AAC07B0554694100DB518D /* Sources */,
				D2AAC07C0554694100DB518D /* Frameworks */,
			);
			buildRules = (
			);
			dependencies = (
			);
			name = nappslidemenu;
			productName = nappslidemenu;
			productReference = D2AAC07E0554694100DB518D /* libDkNappSlidemenu.a */;
			productType = "com.apple.product-type.library.static";
		};
/* End PBXNativeTarget section */

/* Begin PBXProject section */
		0867D690FE84028FC02AAC07 /* Project object */ = {
			isa = PBXProject;
			attributes = {
				LastUpgradeCheck = 0460;
			};
			buildConfigurationList = 1DEB922208733DC00010E9CD /* Build configuration list for PBXProject "nappslidemenu" */;
			compatibilityVersion = "Xcode 3.2";
			developmentRegion = English;
			hasScannedForEncodings = 1;
			knownRegions = (
				English,
				Japanese,
				French,
				German,
			);
			mainGroup = 0867D691FE84028FC02AAC07 /* nappslidemenu */;
			productRefGroup = 034768DFFF38A50411DB9C8B /* Products */;
			projectDirPath = "";
			projectRoot = "";
			targets = (
				D2AAC07D0554694100DB518D /* nappslidemenu */,
				24416B8111C4CA220047AFDD /* Build & Test */,
			);
		};
/* End PBXProject section */

/* Begin PBXShellScriptBuildPhase section */
		24416B8011C4CA220047AFDD /* ShellScript */ = {
			isa = PBXShellScriptBuildPhase;
			buildActionMask = 2147483647;
			files = (
			);
			inputPaths = (
			);
			outputPaths = (
			);
			runOnlyForDeploymentPostprocessing = 0;
			shellPath = /bin/sh;
			shellScript = "# shell script goes here\n\npython \"${TITANIUM_SDK}/titanium.py\" run --dir=\"${PROJECT_DIR}\"\nexit $?\n";
		};
/* End PBXShellScriptBuildPhase section */

/* Begin PBXSourcesBuildPhase section */
		D2AAC07B0554694100DB518D /* Sources */ = {
			isa = PBXSourcesBuildPhase;
			buildActionMask = 2147483647;
			files = (
				24DD6CFA1134B3F500162E58 /* DkNappSlidemenuModule.m in Sources */,
				24DE9E1211C5FE74003F90F6 /* DkNappSlidemenuModuleAssets.m in Sources */,
				B63D51CE16C59B8F00D25970 /* DkNappSlidemenuSlideMenuWindow.m in Sources */,
				B63D51D016C59B8F00D25970 /* DkNappSlidemenuSlideMenuWindowProxy.m in Sources */,
				B67FE29216DFF995005F30E4 /* TiRootViewController+Extended.m in Sources */,
				B67FE29A16DFFC93005F30E4 /* IISideController.m in Sources */,
				B67FE29C16DFFC93005F30E4 /* IIViewDeckController.m in Sources */,
				B67FE29E16DFFC93005F30E4 /* IIWrapController.m in Sources */,
				B67FE2A316DFFCA4005F30E4 /* JRSwizzle.m in Sources */,
			);
			runOnlyForDeploymentPostprocessing = 0;
		};
/* End PBXSourcesBuildPhase section */

/* Begin PBXTargetDependency section */
		24416B8511C4CA280047AFDD /* PBXTargetDependency */ = {
			isa = PBXTargetDependency;
			target = D2AAC07D0554694100DB518D /* nappslidemenu */;
			targetProxy = 24416B8411C4CA280047AFDD /* PBXContainerItemProxy */;
		};
/* End PBXTargetDependency section */

/* Begin XCBuildConfiguration section */
		1DEB921F08733DC00010E9CD /* Debug */ = {
			isa = XCBuildConfiguration;
			baseConfigurationReference = 24DD6D1B1134B66800162E58 /* titanium.xcconfig */;
			buildSettings = {
				ARCHS = (
					armv6,
					armv7,
				);
				"ARCHS[sdk=iphoneos*]" = (
					armv6,
					armv7,
				);
				"ARCHS[sdk=iphonesimulator*]" = i386;
				CODE_SIGN_IDENTITY = "iPhone Developer";
				"CODE_SIGN_IDENTITY[sdk=iphoneos*]" = "iPhone Developer";
				DSTROOT = /tmp/DkNappSlidemenu.dst;
				GCC_C_LANGUAGE_STANDARD = c99;
				GCC_OPTIMIZATION_LEVEL = 0;
				GCC_PRECOMPILE_PREFIX_HEADER = YES;
				GCC_PREFIX_HEADER = DkNappSlidemenu_Prefix.pch;
				GCC_PREPROCESSOR_DEFINITIONS = "TI_VERSION=$(TI_VERSION)";
				GCC_THUMB_SUPPORT = NO;
				GCC_TREAT_WARNINGS_AS_ERRORS = NO;
				GCC_VERSION = "";
				GCC_WARN_ABOUT_RETURN_TYPE = NO;
				GCC_WARN_MISSING_PARENTHESES = NO;
				GCC_WARN_SHADOW = NO;
				GCC_WARN_STRICT_SELECTOR_MATCH = NO;
				GCC_WARN_UNUSED_FUNCTION = YES;
				GCC_WARN_UNUSED_PARAMETER = NO;
				GCC_WARN_UNUSED_VALUE = NO;
				GCC_WARN_UNUSED_VARIABLE = NO;
				INSTALL_PATH = /usr/local/lib;
				LIBRARY_SEARCH_PATHS = "";
				OTHER_CFLAGS = (
					"-DDEBUG",
					"-DTI_POST_1_2",
				);
				OTHER_LDFLAGS = "-ObjC";
				PRODUCT_NAME = DkNappSlidemenu;
				PROVISIONING_PROFILE = "";
				"PROVISIONING_PROFILE[sdk=iphoneos*]" = "";
				RUN_CLANG_STATIC_ANALYZER = NO;
				SDKROOT = iphoneos;
				USER_HEADER_SEARCH_PATHS = "";
			};
			name = Debug;
		};
		1DEB922008733DC00010E9CD /* Release */ = {
			isa = XCBuildConfiguration;
			baseConfigurationReference = 24DD6D1B1134B66800162E58 /* titanium.xcconfig */;
			buildSettings = {
				ALWAYS_SEARCH_USER_PATHS = NO;
				ARCHS = (
					armv6,
					armv7,
				);
				"ARCHS[sdk=iphoneos*]" = (
					armv6,
					armv7,
				);
				"ARCHS[sdk=iphonesimulator*]" = i386;
				DSTROOT = /tmp/DkNappSlidemenu.dst;
				GCC_C_LANGUAGE_STANDARD = c99;
				GCC_MODEL_TUNING = G5;
				GCC_PRECOMPILE_PREFIX_HEADER = YES;
				GCC_PREFIX_HEADER = DkNappSlidemenu_Prefix.pch;
				GCC_PREPROCESSOR_DEFINITIONS = "TI_VERSION=$(TI_VERSION)";
				GCC_THUMB_SUPPORT = NO;
				GCC_TREAT_WARNINGS_AS_ERRORS = NO;
				GCC_VERSION = "";
				GCC_WARN_ABOUT_RETURN_TYPE = NO;
				GCC_WARN_MISSING_PARENTHESES = NO;
				GCC_WARN_SHADOW = NO;
				GCC_WARN_STRICT_SELECTOR_MATCH = NO;
				GCC_WARN_UNUSED_FUNCTION = YES;
				GCC_WARN_UNUSED_PARAMETER = NO;
				GCC_WARN_UNUSED_VALUE = NO;
				GCC_WARN_UNUSED_VARIABLE = NO;
				INSTALL_PATH = /usr/local/lib;
				IPHONEOS_DEPLOYMENT_TARGET = 4.0;
				LIBRARY_SEARCH_PATHS = "";
				OTHER_CFLAGS = "-DTI_POST_1_2";
				OTHER_LDFLAGS = "-ObjC";
				PRODUCT_NAME = DkNappSlidemenu;
				RUN_CLANG_STATIC_ANALYZER = NO;
				SDKROOT = iphoneos;
				USER_HEADER_SEARCH_PATHS = "";
			};
			name = Release;
		};
		1DEB922308733DC00010E9CD /* Debug */ = {
			isa = XCBuildConfiguration;
			baseConfigurationReference = 24DD6D1B1134B66800162E58 /* titanium.xcconfig */;
			buildSettings = {
				ARCHS = (
					armv6,
					armv7,
				);
				"ARCHS[sdk=iphoneos*]" = (
					armv6,
					armv7,
				);
				"ARCHS[sdk=iphonesimulator*]" = i386;
				CODE_SIGN_IDENTITY = "iPhone Developer";
				"CODE_SIGN_IDENTITY[sdk=iphoneos*]" = "iPhone Developer";
				DSTROOT = /tmp/DkNappSlidemenu.dst;
				GCC_C_LANGUAGE_STANDARD = c99;
				GCC_OPTIMIZATION_LEVEL = 0;
				GCC_PRECOMPILE_PREFIX_HEADER = YES;
				GCC_PREFIX_HEADER = DkNappSlidemenu_Prefix.pch;
				GCC_PREPROCESSOR_DEFINITIONS = "TI_VERSION=$(TI_VERSION)";
				GCC_THUMB_SUPPORT = NO;
				GCC_TREAT_WARNINGS_AS_ERRORS = NO;
				GCC_VERSION = "";
				GCC_WARN_ABOUT_RETURN_TYPE = NO;
				GCC_WARN_MISSING_PARENTHESES = NO;
				GCC_WARN_SHADOW = NO;
				GCC_WARN_STRICT_SELECTOR_MATCH = NO;
				GCC_WARN_UNUSED_FUNCTION = YES;
				GCC_WARN_UNUSED_PARAMETER = NO;
				GCC_WARN_UNUSED_VALUE = NO;
				GCC_WARN_UNUSED_VARIABLE = NO;
				INSTALL_PATH = /usr/local/lib;
				OTHER_CFLAGS = (
					"-DDEBUG",
					"-DTI_POST_1_2",
				);
				OTHER_LDFLAGS = "-ObjC";
				PRODUCT_NAME = DkNappSlidemenu;
				PROVISIONING_PROFILE = "";
				"PROVISIONING_PROFILE[sdk=iphoneos*]" = "";
				RUN_CLANG_STATIC_ANALYZER = NO;
				SDKROOT = iphoneos;
				USER_HEADER_SEARCH_PATHS = "";
			};
			name = Debug;
		};
		1DEB922408733DC00010E9CD /* Release */ = {
			isa = XCBuildConfiguration;
			baseConfigurationReference = 24DD6D1B1134B66800162E58 /* titanium.xcconfig */;
			buildSettings = {
				ALWAYS_SEARCH_USER_PATHS = NO;
				ARCHS = (
					armv6,
					armv7,
				);
				"ARCHS[sdk=iphoneos*]" = (
					armv6,
					armv7,
				);
				"ARCHS[sdk=iphonesimulator*]" = i386;
				DSTROOT = /tmp/DkNappSlidemenu.dst;
				GCC_C_LANGUAGE_STANDARD = c99;
				GCC_MODEL_TUNING = G5;
				GCC_PRECOMPILE_PREFIX_HEADER = YES;
				GCC_PREFIX_HEADER = DkNappSlidemenu_Prefix.pch;
				GCC_PREPROCESSOR_DEFINITIONS = "TI_VERSION=$(TI_VERSION)";
				GCC_THUMB_SUPPORT = NO;
				GCC_TREAT_WARNINGS_AS_ERRORS = NO;
				GCC_VERSION = "";
				GCC_WARN_ABOUT_RETURN_TYPE = NO;
				GCC_WARN_MISSING_PARENTHESES = NO;
				GCC_WARN_SHADOW = NO;
				GCC_WARN_STRICT_SELECTOR_MATCH = NO;
				GCC_WARN_UNUSED_FUNCTION = YES;
				GCC_WARN_UNUSED_PARAMETER = NO;
				GCC_WARN_UNUSED_VALUE = NO;
				GCC_WARN_UNUSED_VARIABLE = NO;
				INSTALL_PATH = /usr/local/lib;
				IPHONEOS_DEPLOYMENT_TARGET = 4.0;
				OTHER_CFLAGS = "-DTI_POST_1_2";
				OTHER_LDFLAGS = "-ObjC";
				PRODUCT_NAME = DkNappSlidemenu;
				RUN_CLANG_STATIC_ANALYZER = NO;
				SDKROOT = iphoneos;
				USER_HEADER_SEARCH_PATHS = "";
			};
			name = Release;
		};
		24416B8211C4CA220047AFDD /* Debug */ = {
			isa = XCBuildConfiguration;
			baseConfigurationReference = 24DD6D1B1134B66800162E58 /* titanium.xcconfig */;
			buildSettings = {
				COPY_PHASE_STRIP = NO;
				GCC_DYNAMIC_NO_PIC = NO;
				GCC_OPTIMIZATION_LEVEL = 0;
				GCC_THUMB_SUPPORT = NO;
				PRODUCT_NAME = "Build & test";
			};
			name = Debug;
		};
		24416B8311C4CA220047AFDD /* Release */ = {
			isa = XCBuildConfiguration;
			baseConfigurationReference = 24DD6D1B1134B66800162E58 /* titanium.xcconfig */;
			buildSettings = {
				COPY_PHASE_STRIP = YES;
				DEBUG_INFORMATION_FORMAT = "dwarf-with-dsym";
				GCC_THUMB_SUPPORT = NO;
				PRODUCT_NAME = "Build & test";
				ZERO_LINK = NO;
			};
			name = Release;
		};
/* End XCBuildConfiguration section */

/* Begin XCConfigurationList section */
		1DEB921E08733DC00010E9CD /* Build configuration list for PBXNativeTarget "nappslidemenu" */ = {
			isa = XCConfigurationList;
			buildConfigurations = (
				1DEB921F08733DC00010E9CD /* Debug */,
				1DEB922008733DC00010E9CD /* Release */,
			);
			defaultConfigurationIsVisible = 0;
			defaultConfigurationName = Release;
		};
		1DEB922208733DC00010E9CD /* Build configuration list for PBXProject "nappslidemenu" */ = {
			isa = XCConfigurationList;
			buildConfigurations = (
				1DEB922308733DC00010E9CD /* Debug */,
				1DEB922408733DC00010E9CD /* Release */,
			);
			defaultConfigurationIsVisible = 0;
			defaultConfigurationName = Release;
		};
		24416B8A11C4CA520047AFDD /* Build configuration list for PBXAggregateTarget "Build & Test" */ = {
			isa = XCConfigurationList;
			buildConfigurations = (
				24416B8211C4CA220047AFDD /* Debug */,
				24416B8311C4CA220047AFDD /* Release */,
			);
			defaultConfigurationIsVisible = 0;
			defaultConfigurationName = Release;
		};
/* End XCConfigurationList section */
	};
	rootObject = 0867D690FE84028FC02AAC07 /* Project object */;
}
